Microsoft Visual Studio Solution File, Format Version 11.00
# Visual Studio 2008

Project("{3D8E6AA2-E209-1832-F00B-D22B846A0107}") = "Froggy Road", "Assembly-CSharp.csproj", "{1875602F-E1A4-BC25-B421-01F22A9ADB30}"
EndProject
Global
	GlobalSection(SolutionConfigurationPlatforms) = preSolution
		Debug|Any CPU = Debug|Any CPU
		Release|Any CPU = Release|Any CPU
	EndGlobalSection
	GlobalSection(ProjectConfigurationPlatforms) = postSolution
		{1875602F-E1A4-BC25-B421-01F22A9ADB30}.Debug|Any CPU.ActiveCfg = Debug|Any CPU
		{1875602F-E1A4-BC25-B421-01F22A9ADB30}.Debug|Any CPU.Build.0 = Debug|Any CPU
		{1875602F-E1A4-BC25-B421-01F22A9ADB30}.Release|Any CPU.ActiveCfg = Release|Any CPU
		{1875602F-E1A4-BC25-B421-01F22A9ADB30}.Release|Any CPU.Build.0 = Release|Any CPU
	EndGlobalSection
	GlobalSection(SolutionProperties) = preSolution
		HideSolutionNode = FALSE
	EndGlobalSection
	GlobalSection(MonoDevelopProperties) = preSolution
		StartupItem = Assembly-CSharp.csproj
	EndGlobalSection
EndGlobal
