
Microsoft Visual Studio Solution File, Format Version 12.00
# Visual Studio 15
Project("{FAE04EC0-301F-11D3-BF4B-00C04F79EFBC}") = "Frogger", "Assembly-CSharp.csproj", "{8FE35AED-406F-222B-7CAB-853C271086BA}"
EndProject
Global
	GlobalSection(SolutionConfigurationPlatforms) = preSolution
		Debug|Any CPU = Debug|Any CPU
		Release|Any CPU = Release|Any CPU
	EndGlobalSection
	GlobalSection(ProjectConfigurationPlatforms) = postSolution
		{8FE35AED-406F-222B-7CAB-853C271086BA}.Debug|Any CPU.ActiveCfg = Debug|Any CPU
		{8FE35AED-406F-222B-7CAB-853C271086BA}.Debug|Any CPU.Build.0 = Debug|Any CPU
		{8FE35AED-406F-222B-7CAB-853C271086BA}.Release|Any CPU.ActiveCfg = Release|Any CPU
		{8FE35AED-406F-222B-7CAB-853C271086BA}.Release|Any CPU.Build.0 = Release|Any CPU
	EndGlobalSection
	GlobalSection(SolutionProperties) = preSolution
		HideSolutionNode = FALSE
	EndGlobalSection
EndGlobal
